{
  "name": "Example",
  "lockfileVersion": 3,
  "requires": true,
  "packages": {
    "": {
      "dependencies": {
        "@ninoskuflic/tiny": "^2.0.0"
      }
    },
    "node_modules/@ninoskuflic/tiny": {
      "version": "2.0.0",
      "resolved": "https://registry.npmjs.org/@ninoskuflic/tiny/-/tiny-2.0.0.tgz",
      "integrity": "sha512-1MSQywshwLVB2TAiJSpcT1iLISeEJZ82tshO2UJ1sy9i+euCC+7XuBb527RcXumitHNFFiMIXLYYOg9rzyOLmQ=="
    }
  }
}
